
Microsoft Visual Studio Solution File, Format Version 12.00
# Visual Studio Version 17
VisualStudioVersion = 17.4.33110.190
MinimumVisualStudioVersion = 10.0.40219.1
Project("{FAE04EC0-301F-11D3-BF4B-00C04F79EFBC}") = "WebEscuelaMVC", "WebEscuelaMVC\WebEscuelaMVC.csproj", "{C6725CCF-B24F-4134-8F0B-D65CE27368DA}"
EndProject
Global
	GlobalSection(SolutionConfigurationPlatforms) = preSolution
		Debug|Any CPU = Debug|Any CPU
		Release|Any CPU = Release|Any CPU
	EndGlobalSection
	GlobalSection(ProjectConfigurationPlatforms) = postSolution
		{C6725CCF-B24F-4134-8F0B-D65CE27368DA}.Debug|Any CPU.ActiveCfg = Debug|Any CPU
		{C6725CCF-B24F-4134-8F0B-D65CE27368DA}.Debug|Any CPU.Build.0 = Debug|Any CPU
		{C6725CCF-B24F-4134-8F0B-D65CE27368DA}.Release|Any CPU.ActiveCfg = Release|Any CPU
		{C6725CCF-B24F-4134-8F0B-D65CE27368DA}.Release|Any CPU.Build.0 = Release|Any CPU
	EndGlobalSection
	GlobalSection(SolutionProperties) = preSolution
		HideSolutionNode = FALSE
	EndGlobalSection
	GlobalSection(ExtensibilityGlobals) = postSolution
		SolutionGuid = {2945F8DE-AB45-471E-A1C0-397DB20A7EEE}
	EndGlobalSection
EndGlobal
